// !$*UTF8*$!
{
	archiveVersion = 1;
	classes = {
	};
	objectVersion = 55;
	objects = {

/* Begin PBXBuildFile section */
		1E207E0C297B02070056647C /* UberLocation.swift in Sources */ = {isa = PBXBuildFile; fileRef = 1E207E0B297B02070056647C /* UberLocation.swift */; };
		1E207E0E297B0BA80056647C /* Color.swift in Sources */ = {isa = PBXBuildFile; fileRef = 1E207E0D297B0BA80056647C /* Color.swift */; };
		1E2CB98B2978747F00E8A063 /* LocationSearchView.swift in Sources */ = {isa = PBXBuildFile; fileRef = 1E2CB98A2978747F00E8A063 /* LocationSearchView.swift */; };
		1E2CB98D29787ACD00E8A063 /* LocationSearchResultCell.swift in Sources */ = {isa = PBXBuildFile; fileRef = 1E2CB98C29787ACD00E8A063 /* LocationSearchResultCell.swift */; };
		1E2CB98F2978823000E8A063 /* LocationSearchViewModel.swift in Sources */ = {isa = PBXBuildFile; fileRef = 1E2CB98E2978823000E8A063 /* LocationSearchViewModel.swift */; };
		1E3E9D912978BEC50054EBC1 /* MapViewState.swift in Sources */ = {isa = PBXBuildFile; fileRef = 1E3E9D902978BEC50054EBC1 /* MapViewState.swift */; };
		1E3E9D942979FE0A0054EBC1 /* RideRequestView.swift in Sources */ = {isa = PBXBuildFile; fileRef = 1E3E9D932979FE090054EBC1 /* RideRequestView.swift */; };
		1E3E9D98297A0D5A0054EBC1 /* RideType.swift in Sources */ = {isa = PBXBuildFile; fileRef = 1E3E9D97297A0D590054EBC1 /* RideType.swift */; };
		1E3E9D9A297AFDC80054EBC1 /* Double.swift in Sources */ = {isa = PBXBuildFile; fileRef = 1E3E9D99297AFDC80054EBC1 /* Double.swift */; };
		1E3EBBE029807EF300C08BB7 /* SideMenuView.swift in Sources */ = {isa = PBXBuildFile; fileRef = 1E3EBBDF29807EF300C08BB7 /* SideMenuView.swift */; };
		1E3EBBE229807F4200C08BB7 /* SideMenuViewModel.swift in Sources */ = {isa = PBXBuildFile; fileRef = 1E3EBBE129807F4200C08BB7 /* SideMenuViewModel.swift */; };
		1E3EBBE4298081A700C08BB7 /* SideMenuHeaderView.swift in Sources */ = {isa = PBXBuildFile; fileRef = 1E3EBBE3298081A700C08BB7 /* SideMenuHeaderView.swift */; };
		1E3EBBE629808D5300C08BB7 /* SideMenuOptionView.swift in Sources */ = {isa = PBXBuildFile; fileRef = 1E3EBBE529808D5300C08BB7 /* SideMenuOptionView.swift */; };
		1E3EBBE82980AC7100C08BB7 /* SideMenuOption.swift in Sources */ = {isa = PBXBuildFile; fileRef = 1E3EBBE72980AC7100C08BB7 /* SideMenuOption.swift */; };
		1EBDD05129785A6000C9823D /* UberCloneApp.swift in Sources */ = {isa = PBXBuildFile; fileRef = 1EBDD05029785A6000C9823D /* UberCloneApp.swift */; };
		1EBDD05529785A6300C9823D /* Assets.xcassets in Resources */ = {isa = PBXBuildFile; fileRef = 1EBDD05429785A6300C9823D /* Assets.xcassets */; };
		1EBDD05829785A6300C9823D /* Preview Assets.xcassets in Resources */ = {isa = PBXBuildFile; fileRef = 1EBDD05729785A6300C9823D /* Preview Assets.xcassets */; };
		1EBDD06A29785B2900C9823D /* HomeView.swift in Sources */ = {isa = PBXBuildFile; fileRef = 1EBDD06929785B2900C9823D /* HomeView.swift */; };
		1EBDD06C29785D0F00C9823D /* .gitignore in Resources */ = {isa = PBXBuildFile; fileRef = 1EBDD06B29785D0F00C9823D /* .gitignore */; };
		1EBDD06E29785DD300C9823D /* UberMapViewRepresentable.swift in Sources */ = {isa = PBXBuildFile; fileRef = 1EBDD06D29785DD300C9823D /* UberMapViewRepresentable.swift */; };
		1EBDD0702978610900C9823D /* LocationManager.swift in Sources */ = {isa = PBXBuildFile; fileRef = 1EBDD06F2978610900C9823D /* LocationManager.swift */; };
		1EBDD07629786DC200C9823D /* LocationSearchActivationView.swift in Sources */ = {isa = PBXBuildFile; fileRef = 1EBDD07529786DC200C9823D /* LocationSearchActivationView.swift */; };
		1EBDD07829786FE700C9823D /* MapViewActionButton.swift in Sources */ = {isa = PBXBuildFile; fileRef = 1EBDD07729786FE700C9823D /* MapViewActionButton.swift */; };
		1EF52AFC29829AB100425B9B /* RideRequestViewModel.swift in Sources */ = {isa = PBXBuildFile; fileRef = 1EF52AFB29829AB100425B9B /* RideRequestViewModel.swift */; };
/* End PBXBuildFile section */

/* Begin PBXFileReference section */
		1E207E0B297B02070056647C /* UberLocation.swift */ = {isa = PBXFileReference; lastKnownFileType = sourcecode.swift; path = UberLocation.swift; sourceTree = "<group>"; };
		1E207E0D297B0BA80056647C /* Color.swift */ = {isa = PBXFileReference; lastKnownFileType = sourcecode.swift; path = Color.swift; sourceTree = "<group>"; };
		1E2CB98A2978747F00E8A063 /* LocationSearchView.swift */ = {isa = PBXFileReference; lastKnownFileType = sourcecode.swift; path = LocationSearchView.swift; sourceTree = "<group>"; };
		1E2CB98C29787ACD00E8A063 /* LocationSearchResultCell.swift */ = {isa = PBXFileReference; lastKnownFileType = sourcecode.swift; path = LocationSearchResultCell.swift; sourceTree = "<group>"; };
		1E2CB98E2978823000E8A063 /* LocationSearchViewModel.swift */ = {isa = PBXFileReference; lastKnownFileType = sourcecode.swift; path = LocationSearchViewModel.swift; sourceTree = "<group>"; };
		1E3E9D902978BEC50054EBC1 /* MapViewState.swift */ = {isa = PBXFileReference; lastKnownFileType = sourcecode.swift; path = MapViewState.swift; sourceTree = "<group>"; };
		1E3E9D932979FE090054EBC1 /* RideRequestView.swift */ = {isa = PBXFileReference; lastKnownFileType = sourcecode.swift; path = RideRequestView.swift; sourceTree = "<group>"; };
		1E3E9D97297A0D590054EBC1 /* RideType.swift */ = {isa = PBXFileReference; lastKnownFileType = sourcecode.swift; path = RideType.swift; sourceTree = "<group>"; };
		1E3E9D99297AFDC80054EBC1 /* Double.swift */ = {isa = PBXFileReference; lastKnownFileType = sourcecode.swift; path = Double.swift; sourceTree = "<group>"; };
		1E3EBBDF29807EF300C08BB7 /* SideMenuView.swift */ = {isa = PBXFileReference; lastKnownFileType = sourcecode.swift; path = SideMenuView.swift; sourceTree = "<group>"; };
		1E3EBBE129807F4200C08BB7 /* SideMenuViewModel.swift */ = {isa = PBXFileReference; lastKnownFileType = sourcecode.swift; path = SideMenuViewModel.swift; sourceTree = "<group>"; };
		1E3EBBE3298081A700C08BB7 /* SideMenuHeaderView.swift */ = {isa = PBXFileReference; lastKnownFileType = sourcecode.swift; path = SideMenuHeaderView.swift; sourceTree = "<group>"; };
		1E3EBBE529808D5300C08BB7 /* SideMenuOptionView.swift */ = {isa = PBXFileReference; lastKnownFileType = sourcecode.swift; path = SideMenuOptionView.swift; sourceTree = "<group>"; };
		1E3EBBE72980AC7100C08BB7 /* SideMenuOption.swift */ = {isa = PBXFileReference; lastKnownFileType = sourcecode.swift; path = SideMenuOption.swift; sourceTree = "<group>"; };
		1EBDD04D29785A6000C9823D /* UberClone.app */ = {isa = PBXFileReference; explicitFileType = wrapper.application; includeInIndex = 0; path = UberClone.app; sourceTree = BUILT_PRODUCTS_DIR; };
		1EBDD05029785A6000C9823D /* UberCloneApp.swift */ = {isa = PBXFileReference; lastKnownFileType = sourcecode.swift; path = UberCloneApp.swift; sourceTree = "<group>"; };
		1EBDD05429785A6300C9823D /* Assets.xcassets */ = {isa = PBXFileReference; lastKnownFileType = folder.assetcatalog; path = Assets.xcassets; sourceTree = "<group>"; };
		1EBDD05729785A6300C9823D /* Preview Assets.xcassets */ = {isa = PBXFileReference; lastKnownFileType = folder.assetcatalog; path = "Preview Assets.xcassets"; sourceTree = "<group>"; };
		1EBDD06929785B2900C9823D /* HomeView.swift */ = {isa = PBXFileReference; lastKnownFileType = sourcecode.swift; path = HomeView.swift; sourceTree = "<group>"; };
		1EBDD06B29785D0F00C9823D /* .gitignore */ = {isa = PBXFileReference; lastKnownFileType = text; path = .gitignore; sourceTree = "<group>"; };
		1EBDD06D29785DD300C9823D /* UberMapViewRepresentable.swift */ = {isa = PBXFileReference; lastKnownFileType = sourcecode.swift; path = UberMapViewRepresentable.swift; sourceTree = "<group>"; };
		1EBDD06F2978610900C9823D /* LocationManager.swift */ = {isa = PBXFileReference; lastKnownFileType = sourcecode.swift; path = LocationManager.swift; sourceTree = "<group>"; };
		1EBDD07529786DC200C9823D /* LocationSearchActivationView.swift */ = {isa = PBXFileReference; lastKnownFileType = sourcecode.swift; path = LocationSearchActivationView.swift; sourceTree = "<group>"; };
		1EBDD07729786FE700C9823D /* MapViewActionButton.swift */ = {isa = PBXFileReference; lastKnownFileType = sourcecode.swift; path = MapViewActionButton.swift; sourceTree = "<group>"; };
		1EF52AFB29829AB100425B9B /* RideRequestViewModel.swift */ = {isa = PBXFileReference; lastKnownFileType = sourcecode.swift; path = RideRequestViewModel.swift; sourceTree = "<group>"; };
/* End PBXFileReference section */

/* Begin PBXFrameworksBuildPhase section */
		1EBDD04A29785A6000C9823D /* Frameworks */ = {
			isa = PBXFrameworksBuildPhase;
			buildActionMask = 2147483647;
			files = (
			);
			runOnlyForDeploymentPostprocessing = 0;
		};
/* End PBXFrameworksBuildPhase section */

/* Begin PBXGroup section */
		1E3E9D922979FDE90054EBC1 /* Trips */ = {
			isa = PBXGroup;
			children = (
				1EF52AFA298299E600425B9B /* ViewModels */,
				1EF52AF9298299DE00425B9B /* Views */,
			);
			path = Trips;
			sourceTree = "<group>";
		};
		1E3EBBDC29807E6000C08BB7 /* SideMenu */ = {
			isa = PBXGroup;
			children = (
				1E3EBBDE29807E8D00C08BB7 /* ViewModels */,
				1E3EBBDD29807E7700C08BB7 /* Views */,
			);
			path = SideMenu;
			sourceTree = "<group>";
		};
		1E3EBBDD29807E7700C08BB7 /* Views */ = {
			isa = PBXGroup;
			children = (
				1E3EBBDF29807EF300C08BB7 /* SideMenuView.swift */,
				1E3EBBE3298081A700C08BB7 /* SideMenuHeaderView.swift */,
				1E3EBBE529808D5300C08BB7 /* SideMenuOptionView.swift */,
			);
			path = Views;
			sourceTree = "<group>";
		};
		1E3EBBDE29807E8D00C08BB7 /* ViewModels */ = {
			isa = PBXGroup;
			children = (
				1E3EBBE129807F4200C08BB7 /* SideMenuViewModel.swift */,
			);
			path = ViewModels;
			sourceTree = "<group>";
		};
		1EBDD04429785A6000C9823D = {
			isa = PBXGroup;
			children = (
				1EBDD04F29785A6000C9823D /* UberClone */,
				1EBDD04E29785A6000C9823D /* Products */,
			);
			sourceTree = "<group>";
		};
		1EBDD04E29785A6000C9823D /* Products */ = {
			isa = PBXGroup;
			children = (
				1EBDD04D29785A6000C9823D /* UberClone.app */,
			);
			name = Products;
			sourceTree = "<group>";
		};
		1EBDD04F29785A6000C9823D /* UberClone */ = {
			isa = PBXGroup;
			children = (
				1EBDD06629785AA400C9823D /* App */,
				1EBDD06529785AA200C9823D /* Core */,
				1EBDD06429785AA000C9823D /* Extensions */,
				1EBDD06329785A9E00C9823D /* Managers */,
				1EBDD06229785A9900C9823D /* Models */,
				1EBDD05429785A6300C9823D /* Assets.xcassets */,
				1EBDD05629785A6300C9823D /* Preview Content */,
				1EBDD06B29785D0F00C9823D /* .gitignore */,
			);
			path = UberClone;
			sourceTree = "<group>";
		};
		1EBDD05629785A6300C9823D /* Preview Content */ = {
			isa = PBXGroup;
			children = (
				1EBDD05729785A6300C9823D /* Preview Assets.xcassets */,
			);
			path = "Preview Content";
			sourceTree = "<group>";
		};
		1EBDD06229785A9900C9823D /* Models */ = {
			isa = PBXGroup;
			children = (
				1E3E9D902978BEC50054EBC1 /* MapViewState.swift */,
				1E3E9D97297A0D590054EBC1 /* RideType.swift */,
				1E207E0B297B02070056647C /* UberLocation.swift */,
				1E3EBBE72980AC7100C08BB7 /* SideMenuOption.swift */,
			);
			path = Models;
			sourceTree = "<group>";
		};
		1EBDD06329785A9E00C9823D /* Managers */ = {
			isa = PBXGroup;
			children = (
				1EBDD06F2978610900C9823D /* LocationManager.swift */,
			);
			path = Managers;
			sourceTree = "<group>";
		};
		1EBDD06429785AA000C9823D /* Extensions */ = {
			isa = PBXGroup;
			children = (
				1E3E9D99297AFDC80054EBC1 /* Double.swift */,
				1E207E0D297B0BA80056647C /* Color.swift */,
			);
			path = Extensions;
			sourceTree = "<group>";
		};
		1EBDD06529785AA200C9823D /* Core */ = {
			isa = PBXGroup;
			children = (
				1E3EBBDC29807E6000C08BB7 /* SideMenu */,
				1E3E9D922979FDE90054EBC1 /* Trips */,
				1EBDD07229786D5500C9823D /* LocationSearch */,
				1EBDD07129786D4000C9823D /* Home */,
			);
			path = Core;
			sourceTree = "<group>";
		};
		1EBDD06629785AA400C9823D /* App */ = {
			isa = PBXGroup;
			children = (
				1EBDD05029785A6000C9823D /* UberCloneApp.swift */,
			);
			path = App;
			sourceTree = "<group>";
		};
		1EBDD06729785B0200C9823D /* Views */ = {
			isa = PBXGroup;
			children = (
				1EBDD06929785B2900C9823D /* HomeView.swift */,
				1EBDD06D29785DD300C9823D /* UberMapViewRepresentable.swift */,
				1EBDD07729786FE700C9823D /* MapViewActionButton.swift */,
			);
			path = Views;
			sourceTree = "<group>";
		};
		1EBDD06829785B0400C9823D /* ViewModels */ = {
			isa = PBXGroup;
			children = (
			);
			path = ViewModels;
			sourceTree = "<group>";
		};
		1EBDD07129786D4000C9823D /* Home */ = {
			isa = PBXGroup;
			children = (
				1EBDD06829785B0400C9823D /* ViewModels */,
				1EBDD06729785B0200C9823D /* Views */,
			);
			path = Home;
			sourceTree = "<group>";
		};
		1EBDD07229786D5500C9823D /* LocationSearch */ = {
			isa = PBXGroup;
			children = (
				1EBDD07429786D6B00C9823D /* ViewModels */,
				1EBDD07329786D6700C9823D /* Views */,
			);
			path = LocationSearch;
			sourceTree = "<group>";
		};
		1EBDD07329786D6700C9823D /* Views */ = {
			isa = PBXGroup;
			children = (
				1EBDD07529786DC200C9823D /* LocationSearchActivationView.swift */,
				1E2CB98A2978747F00E8A063 /* LocationSearchView.swift */,
				1E2CB98C29787ACD00E8A063 /* LocationSearchResultCell.swift */,
			);
			path = Views;
			sourceTree = "<group>";
		};
		1EBDD07429786D6B00C9823D /* ViewModels */ = {
			isa = PBXGroup;
			children = (
				1E2CB98E2978823000E8A063 /* LocationSearchViewModel.swift */,
			);
			path = ViewModels;
			sourceTree = "<group>";
		};
		1EF52AF9298299DE00425B9B /* Views */ = {
			isa = PBXGroup;
			children = (
				1E3E9D932979FE090054EBC1 /* RideRequestView.swift */,
			);
			path = Views;
			sourceTree = "<group>";
		};
		1EF52AFA298299E600425B9B /* ViewModels */ = {
			isa = PBXGroup;
			children = (
				1EF52AFB29829AB100425B9B /* RideRequestViewModel.swift */,
			);
			path = ViewModels;
			sourceTree = "<group>";
		};
/* End PBXGroup section */

/* Begin PBXNativeTarget section */
		1EBDD04C29785A6000C9823D /* UberClone */ = {
			isa = PBXNativeTarget;
			buildConfigurationList = 1EBDD05B29785A6300C9823D /* Build configuration list for PBXNativeTarget "UberClone" */;
			buildPhases = (
				1EBDD04929785A6000C9823D /* Sources */,
				1EBDD04A29785A6000C9823D /* Frameworks */,
				1EBDD04B29785A6000C9823D /* Resources */,
			);
			buildRules = (
			);
			dependencies = (
			);
			name = UberClone;
			productName = UberClone;
			productReference = 1EBDD04D29785A6000C9823D /* UberClone.app */;
			productType = "com.apple.product-type.application";
		};
/* End PBXNativeTarget section */

/* Begin PBXProject section */
		1EBDD04529785A6000C9823D /* Project object */ = {
			isa = PBXProject;
			attributes = {
				BuildIndependentTargetsInParallel = 1;
				LastSwiftUpdateCheck = 1320;
				LastUpgradeCheck = 1320;
				TargetAttributes = {
					1EBDD04C29785A6000C9823D = {
						CreatedOnToolsVersion = 13.2.1;
					};
				};
			};
			buildConfigurationList = 1EBDD04829785A6000C9823D /* Build configuration list for PBXProject "UberClone" */;
			compatibilityVersion = "Xcode 13.0";
			developmentRegion = en;
			hasScannedForEncodings = 0;
			knownRegions = (
				en,
				Base,
			);
			mainGroup = 1EBDD04429785A6000C9823D;
			productRefGroup = 1EBDD04E29785A6000C9823D /* Products */;
			projectDirPath = "";
			projectRoot = "";
			targets = (
				1EBDD04C29785A6000C9823D /* UberClone */,
			);
		};
/* End PBXProject section */

/* Begin PBXResourcesBuildPhase section */
		1EBDD04B29785A6000C9823D /* Resources */ = {
			isa = PBXResourcesBuildPhase;
			buildActionMask = 2147483647;
			files = (
				1EBDD05829785A6300C9823D /* Preview Assets.xcassets in Resources */,
				1EBDD06C29785D0F00C9823D /* .gitignore in Resources */,
				1EBDD05529785A6300C9823D /* Assets.xcassets in Resources */,
			);
			runOnlyForDeploymentPostprocessing = 0;
		};
/* End PBXResourcesBuildPhase section */

/* Begin PBXSourcesBuildPhase section */
		1EBDD04929785A6000C9823D /* Sources */ = {
			isa = PBXSourcesBuildPhase;
			buildActionMask = 2147483647;
			files = (
				1E2CB98F2978823000E8A063 /* LocationSearchViewModel.swift in Sources */,
				1E2CB98B2978747F00E8A063 /* LocationSearchView.swift in Sources */,
				1E3EBBE029807EF300C08BB7 /* SideMenuView.swift in Sources */,
				1EBDD0702978610900C9823D /* LocationManager.swift in Sources */,
				1E3E9D942979FE0A0054EBC1 /* RideRequestView.swift in Sources */,
				1E3E9D9A297AFDC80054EBC1 /* Double.swift in Sources */,
				1E3E9D912978BEC50054EBC1 /* MapViewState.swift in Sources */,
				1EBDD07829786FE700C9823D /* MapViewActionButton.swift in Sources */,
				1EBDD05129785A6000C9823D /* UberCloneApp.swift in Sources */,
				1E207E0E297B0BA80056647C /* Color.swift in Sources */,
				1E3EBBE82980AC7100C08BB7 /* SideMenuOption.swift in Sources */,
				1EF52AFC29829AB100425B9B /* RideRequestViewModel.swift in Sources */,
				1EBDD06E29785DD300C9823D /* UberMapViewRepresentable.swift in Sources */,
				1EBDD06A29785B2900C9823D /* HomeView.swift in Sources */,
				1E207E0C297B02070056647C /* UberLocation.swift in Sources */,
				1EBDD07629786DC200C9823D /* LocationSearchActivationView.swift in Sources */,
				1E3EBBE229807F4200C08BB7 /* SideMenuViewModel.swift in Sources */,
				1E3EBBE4298081A700C08BB7 /* SideMenuHeaderView.swift in Sources */,
				1E2CB98D29787ACD00E8A063 /* LocationSearchResultCell.swift in Sources */,
				1E3E9D98297A0D5A0054EBC1 /* RideType.swift in Sources */,
				1E3EBBE629808D5300C08BB7 /* SideMenuOptionView.swift in Sources */,
			);
			runOnlyForDeploymentPostprocessing = 0;
		};
/* End PBXSourcesBuildPhase section */

/* Begin XCBuildConfiguration section */
		1EBDD05929785A6300C9823D /* Debug */ = {
			isa = XCBuildConfiguration;
			buildSettings = {
				ALWAYS_SEARCH_USER_PATHS = NO;
				CLANG_ANALYZER_NONNULL = YES;
				CLANG_ANALYZER_NUMBER_OBJECT_CONVERSION = YES_AGGRESSIVE;
				CLANG_CXX_LANGUAGE_STANDARD = "gnu++17";
				CLANG_CXX_LIBRARY = "libc++";
				CLANG_ENABLE_MODULES = YES;
				CLANG_ENABLE_OBJC_ARC = YES;
				CLANG_ENABLE_OBJC_WEAK = YES;
				CLANG_WARN_BLOCK_CAPTURE_AUTORELEASING = YES;
				CLANG_WARN_BOOL_CONVERSION = YES;
				CLANG_WARN_COMMA = YES;
				CLANG_WARN_CONSTANT_CONVERSION = YES;
				CLANG_WARN_DEPRECATED_OBJC_IMPLEMENTATIONS = YES;
				CLANG_WARN_DIRECT_OBJC_ISA_USAGE = YES_ERROR;
				CLANG_WARN_DOCUMENTATION_COMMENTS = YES;
				CLANG_WARN_EMPTY_BODY = YES;
				CLANG_WARN_ENUM_CONVERSION = YES;
				CLANG_WARN_INFINITE_RECURSION = YES;
				CLANG_WARN_INT_CONVERSION = YES;
				CLANG_WARN_NON_LITERAL_NULL_CONVERSION = YES;
				CLANG_WARN_OBJC_IMPLICIT_RETAIN_SELF = YES;
				CLANG_WARN_OBJC_LITERAL_CONVERSION = YES;
				CLANG_WARN_OBJC_ROOT_CLASS = YES_ERROR;
				CLANG_WARN_QUOTED_INCLUDE_IN_FRAMEWORK_HEADER = YES;
				CLANG_WARN_RANGE_LOOP_ANALYSIS = YES;
				CLANG_WARN_STRICT_PROTOTYPES = YES;
				CLANG_WARN_SUSPICIOUS_MOVE = YES;
				CLANG_WARN_UNGUARDED_AVAILABILITY = YES_AGGRESSIVE;
				CLANG_WARN_UNREACHABLE_CODE = YES;
				CLANG_WARN__DUPLICATE_METHOD_MATCH = YES;
				COPY_PHASE_STRIP = NO;
				DEBUG_INFORMATION_FORMAT = dwarf;
				ENABLE_STRICT_OBJC_MSGSEND = YES;
				ENABLE_TESTABILITY = YES;
				GCC_C_LANGUAGE_STANDARD = gnu11;
				GCC_DYNAMIC_NO_PIC = NO;
				GCC_NO_COMMON_BLOCKS = YES;
				GCC_OPTIMIZATION_LEVEL = 0;
				GCC_PREPROCESSOR_DEFINITIONS = (
					"DEBUG=1",
					"$(inherited)",
				);
				GCC_WARN_64_TO_32_BIT_CONVERSION = YES;
				GCC_WARN_ABOUT_RETURN_TYPE = YES_ERROR;
				GCC_WARN_UNDECLARED_SELECTOR = YES;
				GCC_WARN_UNINITIALIZED_AUTOS = YES_AGGRESSIVE;
				GCC_WARN_UNUSED_FUNCTION = YES;
				GCC_WARN_UNUSED_VARIABLE = YES;
				IPHONEOS_DEPLOYMENT_TARGET = 15.2;
				MTL_ENABLE_DEBUG_INFO = INCLUDE_SOURCE;
				MTL_FAST_MATH = YES;
				ONLY_ACTIVE_ARCH = YES;
				SDKROOT = iphoneos;
				SWIFT_ACTIVE_COMPILATION_CONDITIONS = DEBUG;
				SWIFT_OPTIMIZATION_LEVEL = "-Onone";
			};
			name = Debug;
		};
		1EBDD05A29785A6300C9823D /* Release */ = {
			isa = XCBuildConfiguration;
			buildSettings = {
				ALWAYS_SEARCH_USER_PATHS = NO;
				CLANG_ANALYZER_NONNULL = YES;
				CLANG_ANALYZER_NUMBER_OBJECT_CONVERSION = YES_AGGRESSIVE;
				CLANG_CXX_LANGUAGE_STANDARD = "gnu++17";
				CLANG_CXX_LIBRARY = "libc++";
				CLANG_ENABLE_MODULES = YES;
				CLANG_ENABLE_OBJC_ARC = YES;
				CLANG_ENABLE_OBJC_WEAK = YES;
				CLANG_WARN_BLOCK_CAPTURE_AUTORELEASING = YES;
				CLANG_WARN_BOOL_CONVERSION = YES;
				CLANG_WARN_COMMA = YES;
				CLANG_WARN_CONSTANT_CONVERSION = YES;
				CLANG_WARN_DEPRECATED_OBJC_IMPLEMENTATIONS = YES;
				CLANG_WARN_DIRECT_OBJC_ISA_USAGE = YES_ERROR;
				CLANG_WARN_DOCUMENTATION_COMMENTS = YES;
				CLANG_WARN_EMPTY_BODY = YES;
				CLANG_WARN_ENUM_CONVERSION = YES;
				CLANG_WARN_INFINITE_RECURSION = YES;
				CLANG_WARN_INT_CONVERSION = YES;
				CLANG_WARN_NON_LITERAL_NULL_CONVERSION = YES;
				CLANG_WARN_OBJC_IMPLICIT_RETAIN_SELF = YES;
				CLANG_WARN_OBJC_LITERAL_CONVERSION = YES;
				CLANG_WARN_OBJC_ROOT_CLASS = YES_ERROR;
				CLANG_WARN_QUOTED_INCLUDE_IN_FRAMEWORK_HEADER = YES;
				CLANG_WARN_RANGE_LOOP_ANALYSIS = YES;
				CLANG_WARN_STRICT_PROTOTYPES = YES;
				CLANG_WARN_SUSPICIOUS_MOVE = YES;
				CLANG_WARN_UNGUARDED_AVAILABILITY = YES_AGGRESSIVE;
				CLANG_WARN_UNREACHABLE_CODE = YES;
				CLANG_WARN__DUPLICATE_METHOD_MATCH = YES;
				COPY_PHASE_STRIP = NO;
				DEBUG_INFORMATION_FORMAT = "dwarf-with-dsym";
				ENABLE_NS_ASSERTIONS = NO;
				ENABLE_STRICT_OBJC_MSGSEND = YES;
				GCC_C_LANGUAGE_STANDARD = gnu11;
				GCC_NO_COMMON_BLOCKS = YES;
				GCC_WARN_64_TO_32_BIT_CONVERSION = YES;
				GCC_WARN_ABOUT_RETURN_TYPE = YES_ERROR;
				GCC_WARN_UNDECLARED_SELECTOR = YES;
				GCC_WARN_UNINITIALIZED_AUTOS = YES_AGGRESSIVE;
				GCC_WARN_UNUSED_FUNCTION = YES;
				GCC_WARN_UNUSED_VARIABLE = YES;
				IPHONEOS_DEPLOYMENT_TARGET = 15.2;
				MTL_ENABLE_DEBUG_INFO = NO;
				MTL_FAST_MATH = YES;
				SDKROOT = iphoneos;
				SWIFT_COMPILATION_MODE = wholemodule;
				SWIFT_OPTIMIZATION_LEVEL = "-O";
				VALIDATE_PRODUCT = YES;
			};
			name = Release;
		};
		1EBDD05C29785A6300C9823D /* Debug */ = {
			isa = XCBuildConfiguration;
			buildSettings = {
				ASSETCATALOG_COMPILER_APPICON_NAME = AppIcon;
				ASSETCATALOG_COMPILER_GLOBAL_ACCENT_COLOR_NAME = AccentColor;
				CODE_SIGN_STYLE = Automatic;
				CURRENT_PROJECT_VERSION = 1;
				DEVELOPMENT_ASSET_PATHS = "\"UberClone/Preview Content\"";
				DEVELOPMENT_TEAM = 4LD9KRL35G;
				ENABLE_PREVIEWS = YES;
				GENERATE_INFOPLIST_FILE = YES;
				INFOPLIST_KEY_NSLocationWhenInUseUsageDescription = "Please allow us to access your location to find you nearby rides";
				INFOPLIST_KEY_UIApplicationSceneManifest_Generation = YES;
				INFOPLIST_KEY_UIApplicationSupportsIndirectInputEvents = YES;
				INFOPLIST_KEY_UILaunchScreen_Generation = YES;
				INFOPLIST_KEY_UISupportedInterfaceOrientations_iPad = "UIInterfaceOrientationPortrait UIInterfaceOrientationPortraitUpsideDown UIInterfaceOrientationLandscapeLeft UIInterfaceOrientationLandscapeRight";
				INFOPLIST_KEY_UISupportedInterfaceOrientations_iPhone = "UIInterfaceOrientationPortrait UIInterfaceOrientationLandscapeLeft UIInterfaceOrientationLandscapeRight";
				LD_RUNPATH_SEARCH_PATHS = (
					"$(inherited)",
					"@executable_path/Frameworks",
				);
				MARKETING_VERSION = 1.0;
				PRODUCT_BUNDLE_IDENTIFIER = com.Rebjok.UberClone;
				PRODUCT_NAME = "$(TARGET_NAME)";
				SWIFT_EMIT_LOC_STRINGS = YES;
				SWIFT_VERSION = 5.0;
				TARGETED_DEVICE_FAMILY = "1,2";
			};
			name = Debug;
		};
		1EBDD05D29785A6300C9823D /* Release */ = {
			isa = XCBuildConfiguration;
			buildSettings = {
				ASSETCATALOG_COMPILER_APPICON_NAME = AppIcon;
				ASSETCATALOG_COMPILER_GLOBAL_ACCENT_COLOR_NAME = AccentColor;
				CODE_SIGN_STYLE = Automatic;
				CURRENT_PROJECT_VERSION = 1;
				DEVELOPMENT_ASSET_PATHS = "\"UberClone/Preview Content\"";
				DEVELOPMENT_TEAM = 4LD9KRL35G;
				ENABLE_PREVIEWS = YES;
				GENERATE_INFOPLIST_FILE = YES;
				INFOPLIST_KEY_NSLocationWhenInUseUsageDescription = "Please allow us to access your location to find you nearby rides";
				INFOPLIST_KEY_UIApplicationSceneManifest_Generation = YES;
				INFOPLIST_KEY_UIApplicationSupportsIndirectInputEvents = YES;
				INFOPLIST_KEY_UILaunchScreen_Generation = YES;
				INFOPLIST_KEY_UISupportedInterfaceOrientations_iPad = "UIInterfaceOrientationPortrait UIInterfaceOrientationPortraitUpsideDown UIInterfaceOrientationLandscapeLeft UIInterfaceOrientationLandscapeRight";
				INFOPLIST_KEY_UISupportedInterfaceOrientations_iPhone = "UIInterfaceOrientationPortrait UIInterfaceOrientationLandscapeLeft UIInterfaceOrientationLandscapeRight";
				LD_RUNPATH_SEARCH_PATHS = (
					"$(inherited)",
					"@executable_path/Frameworks",
				);
				MARKETING_VERSION = 1.0;
				PRODUCT_BUNDLE_IDENTIFIER = com.Rebjok.UberClone;
				PRODUCT_NAME = "$(TARGET_NAME)";
				SWIFT_EMIT_LOC_STRINGS = YES;
				SWIFT_VERSION = 5.0;
				TARGETED_DEVICE_FAMILY = "1,2";
			};
			name = Release;
		};
/* End XCBuildConfiguration section */

/* Begin XCConfigurationList section */
		1EBDD04829785A6000C9823D /* Build configuration list for PBXProject "UberClone" */ = {
			isa = XCConfigurationList;
			buildConfigurations = (
				1EBDD05929785A6300C9823D /* Debug */,
				1EBDD05A29785A6300C9823D /* Release */,
			);
			defaultConfigurationIsVisible = 0;
			defaultConfigurationName = Release;
		};
		1EBDD05B29785A6300C9823D /* Build configuration list for PBXNativeTarget "UberClone" */ = {
			isa = XCConfigurationList;
			buildConfigurations = (
				1EBDD05C29785A6300C9823D /* Debug */,
				1EBDD05D29785A6300C9823D /* Release */,
			);
			defaultConfigurationIsVisible = 0;
			defaultConfigurationName = Release;
		};
/* End XCConfigurationList section */
	};
	rootObject = 1EBDD04529785A6000C9823D /* Project object */;
}
